
Microsoft Visual Studio Solution File, Format Version 12.00
# Visual Studio Version 16
VisualStudioVersion = 16.0.31410.357
MinimumVisualStudioVersion = 10.0.40219.1
Project("{FAE04EC0-301F-11D3-BF4B-00C04F79EFBC}") = "Login with Master Page", "Login with Master Page.csproj", "{42312C7A-102B-4534-9BA2-5492A6FF418C}"
EndProject
Global
	GlobalSection(SolutionConfigurationPlatforms) = preSolution
		Debug|Any CPU = Debug|Any CPU
		Release|Any CPU = Release|Any CPU
	EndGlobalSection
	GlobalSection(ProjectConfigurationPlatforms) = postSolution
		{42312C7A-102B-4534-9BA2-5492A6FF418C}.Debug|Any CPU.ActiveCfg = Debug|Any CPU
		{42312C7A-102B-4534-9BA2-5492A6FF418C}.Debug|Any CPU.Build.0 = Debug|Any CPU
		{42312C7A-102B-4534-9BA2-5492A6FF418C}.Release|Any CPU.ActiveCfg = Release|Any CPU
		{42312C7A-102B-4534-9BA2-5492A6FF418C}.Release|Any CPU.Build.0 = Release|Any CPU
	EndGlobalSection
	GlobalSection(SolutionProperties) = preSolution
		HideSolutionNode = FALSE
	EndGlobalSection
	GlobalSection(ExtensibilityGlobals) = postSolution
		SolutionGuid = {D6FF3327-211A-458F-AAA1-71EF775A3D8B}
	EndGlobalSection
EndGlobal
